
Microsoft Visual Studio Solution File, Format Version 12.00
Project("{FAE04EC0-301F-11D3-BF4B-00C04F79EFBC}") = "bg-assignment", "bg-assignment\bg-assignment.csproj", "{9BC6A74B-14DA-4498-B2C5-78AF39AD134D}"
EndProject
Global
	GlobalSection(SolutionConfigurationPlatforms) = preSolution
		Debug|Any CPU = Debug|Any CPU
		Release|Any CPU = Release|Any CPU
	EndGlobalSection
	GlobalSection(ProjectConfigurationPlatforms) = postSolution
		{9BC6A74B-14DA-4498-B2C5-78AF39AD134D}.Debug|Any CPU.ActiveCfg = Debug|Any CPU
		{9BC6A74B-14DA-4498-B2C5-78AF39AD134D}.Debug|Any CPU.Build.0 = Debug|Any CPU
		{9BC6A74B-14DA-4498-B2C5-78AF39AD134D}.Release|Any CPU.ActiveCfg = Release|Any CPU
		{9BC6A74B-14DA-4498-B2C5-78AF39AD134D}.Release|Any CPU.Build.0 = Release|Any CPU
	EndGlobalSection
EndGlobal
